// !$*UTF8*$!
{
	archiveVersion = 1;
	classes = {
	};
	objectVersion = 50;
	objects = {

/* Begin PBXBuildFile section */
		04069F3D235561A10006C61C /* AppDelegate.m in Sources */ = {isa = PBXBuildFile; fileRef = 04069F3C235561A10006C61C /* AppDelegate.m */; };
		04069F40235561A10006C61C /* SceneDelegate.m in Sources */ = {isa = PBXBuildFile; fileRef = 04069F3F235561A10006C61C /* SceneDelegate.m */; };
		04069F43235561A10006C61C /* FirstViewController.m in Sources */ = {isa = PBXBuildFile; fileRef = 04069F42235561A10006C61C /* FirstViewController.m */; };
		04069F46235561A10006C61C /* SecondViewController.m in Sources */ = {isa = PBXBuildFile; fileRef = 04069F45235561A10006C61C /* SecondViewController.m */; };
		04069F49235561A10006C61C /* Main.storyboard in Resources */ = {isa = PBXBuildFile; fileRef = 04069F47235561A10006C61C /* Main.storyboard */; };
		04069F4B235561A30006C61C /* Assets.xcassets in Resources */ = {isa = PBXBuildFile; fileRef = 04069F4A235561A30006C61C /* Assets.xcassets */; };
		04069F4E235561A30006C61C /* LaunchScreen.storyboard in Resources */ = {isa = PBXBuildFile; fileRef = 04069F4C235561A30006C61C /* LaunchScreen.storyboard */; };
		04069F51235561A30006C61C /* main.m in Sources */ = {isa = PBXBuildFile; fileRef = 04069F50235561A30006C61C /* main.m */; };
		04314AB7236C9A1500F8DE12 /* build-number-increases.sh in Resources */ = {isa = PBXBuildFile; fileRef = 04314AB6236C9A1500F8DE12 /* build-number-increases.sh */; };
/* End PBXBuildFile section */

/* Begin PBXFileReference section */
		04069F38235561A10006C61C /* Application.app */ = {isa = PBXFileReference; explicitFileType = wrapper.application; includeInIndex = 0; path = Application.app; sourceTree = BUILT_PRODUCTS_DIR; };
		04069F3B235561A10006C61C /* AppDelegate.h */ = {isa = PBXFileReference; lastKnownFileType = sourcecode.c.h; path = AppDelegate.h; sourceTree = "<group>"; };
		04069F3C235561A10006C61C /* AppDelegate.m */ = {isa = PBXFileReference; lastKnownFileType = sourcecode.c.objc; path = AppDelegate.m; sourceTree = "<group>"; };
		04069F3E235561A10006C61C /* SceneDelegate.h */ = {isa = PBXFileReference; lastKnownFileType = sourcecode.c.h; path = SceneDelegate.h; sourceTree = "<group>"; };
		04069F3F235561A10006C61C /* SceneDelegate.m */ = {isa = PBXFileReference; lastKnownFileType = sourcecode.c.objc; path = SceneDelegate.m; sourceTree = "<group>"; };
		04069F41235561A10006C61C /* FirstViewController.h */ = {isa = PBXFileReference; lastKnownFileType = sourcecode.c.h; path = FirstViewController.h; sourceTree = "<group>"; };
		04069F42235561A10006C61C /* FirstViewController.m */ = {isa = PBXFileReference; lastKnownFileType = sourcecode.c.objc; path = FirstViewController.m; sourceTree = "<group>"; };
		04069F44235561A10006C61C /* SecondViewController.h */ = {isa = PBXFileReference; lastKnownFileType = sourcecode.c.h; path = SecondViewController.h; sourceTree = "<group>"; };
		04069F45235561A10006C61C /* SecondViewController.m */ = {isa = PBXFileReference; lastKnownFileType = sourcecode.c.objc; path = SecondViewController.m; sourceTree = "<group>"; };
		04069F48235561A10006C61C /* Base */ = {isa = PBXFileReference; lastKnownFileType = file.storyboard; name = Base; path = Base.lproj/Main.storyboard; sourceTree = "<group>"; };
		04069F4A235561A30006C61C /* Assets.xcassets */ = {isa = PBXFileReference; lastKnownFileType = folder.assetcatalog; path = Assets.xcassets; sourceTree = "<group>"; };
		04069F4D235561A30006C61C /* Base */ = {isa = PBXFileReference; lastKnownFileType = file.storyboard; name = Base; path = Base.lproj/LaunchScreen.storyboard; sourceTree = "<group>"; };
		04069F4F235561A30006C61C /* Info.plist */ = {isa = PBXFileReference; lastKnownFileType = text.plist.xml; path = Info.plist; sourceTree = "<group>"; };
		04069F50235561A30006C61C /* main.m */ = {isa = PBXFileReference; lastKnownFileType = sourcecode.c.objc; path = main.m; sourceTree = "<group>"; };
		04069F57235562680006C61C /* Application.entitlements */ = {isa = PBXFileReference; lastKnownFileType = text.plist.entitlements; path = Application.entitlements; sourceTree = "<group>"; };
		04314AB6236C9A1500F8DE12 /* build-number-increases.sh */ = {isa = PBXFileReference; fileEncoding = 4; lastKnownFileType = text.script.sh; path = "build-number-increases.sh"; sourceTree = "<group>"; };
/* End PBXFileReference section */

/* Begin PBXFrameworksBuildPhase section */
		04069F35235561A10006C61C /* Frameworks */ = {
			isa = PBXFrameworksBuildPhase;
			buildActionMask = 2147483647;
			files = (
			);
			runOnlyForDeploymentPostprocessing = 0;
		};
/* End PBXFrameworksBuildPhase section */

/* Begin PBXGroup section */
		04069F2F235561A10006C61C = {
			isa = PBXGroup;
			children = (
				04069F3A235561A10006C61C /* Application */,
				04069F39235561A10006C61C /* Products */,
			);
			sourceTree = "<group>";
		};
		04069F39235561A10006C61C /* Products */ = {
			isa = PBXGroup;
			children = (
				04069F38235561A10006C61C /* Application.app */,
			);
			name = Products;
			sourceTree = "<group>";
		};
		04069F3A235561A10006C61C /* Application */ = {
			isa = PBXGroup;
			children = (
				04069F57235562680006C61C /* Application.entitlements */,
				04069F3B235561A10006C61C /* AppDelegate.h */,
				04069F3C235561A10006C61C /* AppDelegate.m */,
				04069F3E235561A10006C61C /* SceneDelegate.h */,
				04069F3F235561A10006C61C /* SceneDelegate.m */,
				04069F41235561A10006C61C /* FirstViewController.h */,
				04069F42235561A10006C61C /* FirstViewController.m */,
				04069F44235561A10006C61C /* SecondViewController.h */,
				04069F45235561A10006C61C /* SecondViewController.m */,
				04069F47235561A10006C61C /* Main.storyboard */,
				04069F4A235561A30006C61C /* Assets.xcassets */,
				04069F4C235561A30006C61C /* LaunchScreen.storyboard */,
				04069F4F235561A30006C61C /* Info.plist */,
				04314AB6236C9A1500F8DE12 /* build-number-increases.sh */,
				04069F50235561A30006C61C /* main.m */,
			);
			path = Application;
			sourceTree = "<group>";
		};
/* End PBXGroup section */

/* Begin PBXNativeTarget section */
		04069F37235561A10006C61C /* Application */ = {
			isa = PBXNativeTarget;
			buildConfigurationList = 04069F54235561A30006C61C /* Build configuration list for PBXNativeTarget "Application" */;
			buildPhases = (
				04069F34235561A10006C61C /* Sources */,
				04314AB5236C99FB00F8DE12 /* ShellScript */,
				04069F35235561A10006C61C /* Frameworks */,
				04069F36235561A10006C61C /* Resources */,
			);
			buildRules = (
			);
			dependencies = (
			);
			name = Application;
			productName = Application;
			productReference = 04069F38235561A10006C61C /* Application.app */;
			productType = "com.apple.product-type.application";
		};
/* End PBXNativeTarget section */

/* Begin PBXProject section */
		04069F30235561A10006C61C /* Project object */ = {
			isa = PBXProject;
			attributes = {
				LastUpgradeCheck = 1100;
				ORGANIZATIONNAME = nslog;
				TargetAttributes = {
					04069F37235561A10006C61C = {
						CreatedOnToolsVersion = 11.0;
					};
				};
			};
			buildConfigurationList = 04069F33235561A10006C61C /* Build configuration list for PBXProject "Application" */;
			compatibilityVersion = "Xcode 9.3";
			developmentRegion = en;
			hasScannedForEncodings = 0;
			knownRegions = (
				en,
				Base,
			);
			mainGroup = 04069F2F235561A10006C61C;
			productRefGroup = 04069F39235561A10006C61C /* Products */;
			projectDirPath = "";
			projectRoot = "";
			targets = (
				04069F37235561A10006C61C /* Application */,
			);
		};
/* End PBXProject section */

/* Begin PBXResourcesBuildPhase section */
		04069F36235561A10006C61C /* Resources */ = {
			isa = PBXResourcesBuildPhase;
			buildActionMask = 2147483647;
			files = (
				04069F4E235561A30006C61C /* LaunchScreen.storyboard in Resources */,
				04069F4B235561A30006C61C /* Assets.xcassets in Resources */,
				04314AB7236C9A1500F8DE12 /* build-number-increases.sh in Resources */,
				04069F49235561A10006C61C /* Main.storyboard in Resources */,
			);
			runOnlyForDeploymentPostprocessing = 0;
		};
/* End PBXResourcesBuildPhase section */

/* Begin PBXShellScriptBuildPhase section */
		04314AB5236C99FB00F8DE12 /* ShellScript */ = {
			isa = PBXShellScriptBuildPhase;
			buildActionMask = 2147483647;
			files = (
			);
			inputFileListPaths = (
			);
			inputPaths = (
			);
			outputFileListPaths = (
			);
			outputPaths = (
			);
			runOnlyForDeploymentPostprocessing = 0;
			shellPath = /bin/sh;
			shellScript = "# Type a script or drag a script file from your workspace to insert its path.\nsh ${PROJECT_DIR}/Application/build-number-increases.sh\n";
		};
/* End PBXShellScriptBuildPhase section */

/* Begin PBXSourcesBuildPhase section */
		04069F34235561A10006C61C /* Sources */ = {
			isa = PBXSourcesBuildPhase;
			buildActionMask = 2147483647;
			files = (
				04069F51235561A30006C61C /* main.m in Sources */,
				04069F46235561A10006C61C /* SecondViewController.m in Sources */,
				04069F3D235561A10006C61C /* AppDelegate.m in Sources */,
				04069F43235561A10006C61C /* FirstViewController.m in Sources */,
				04069F40235561A10006C61C /* SceneDelegate.m in Sources */,
			);
			runOnlyForDeploymentPostprocessing = 0;
		};
/* End PBXSourcesBuildPhase section */

/* Begin PBXVariantGroup section */
		04069F47235561A10006C61C /* Main.storyboard */ = {
			isa = PBXVariantGroup;
			children = (
				04069F48235561A10006C61C /* Base */,
			);
			name = Main.storyboard;
			sourceTree = "<group>";
		};
		04069F4C235561A30006C61C /* LaunchScreen.storyboard */ = {
			isa = PBXVariantGroup;
			children = (
				04069F4D235561A30006C61C /* Base */,
			);
			name = LaunchScreen.storyboard;
			sourceTree = "<group>";
		};
/* End PBXVariantGroup section */

/* Begin XCBuildConfiguration section */
		04069F52235561A30006C61C /* Debug */ = {
			isa = XCBuildConfiguration;
			buildSettings = {
				ALWAYS_SEARCH_USER_PATHS = NO;
				CLANG_ANALYZER_NONNULL = YES;
				CLANG_ANALYZER_NUMBER_OBJECT_CONVERSION = YES_AGGRESSIVE;
				CLANG_CXX_LANGUAGE_STANDARD = "gnu++14";
				CLANG_CXX_LIBRARY = "libc++";
				CLANG_ENABLE_MODULES = YES;
				CLANG_ENABLE_OBJC_ARC = YES;
				CLANG_ENABLE_OBJC_WEAK = YES;
				CLANG_WARN_BLOCK_CAPTURE_AUTORELEASING = YES;
				CLANG_WARN_BOOL_CONVERSION = YES;
				CLANG_WARN_COMMA = YES;
				CLANG_WARN_CONSTANT_CONVERSION = YES;
				CLANG_WARN_DEPRECATED_OBJC_IMPLEMENTATIONS = YES;
				CLANG_WARN_DIRECT_OBJC_ISA_USAGE = YES_ERROR;
				CLANG_WARN_DOCUMENTATION_COMMENTS = YES;
				CLANG_WARN_EMPTY_BODY = YES;
				CLANG_WARN_ENUM_CONVERSION = YES;
				CLANG_WARN_INFINITE_RECURSION = YES;
				CLANG_WARN_INT_CONVERSION = YES;
				CLANG_WARN_NON_LITERAL_NULL_CONVERSION = YES;
				CLANG_WARN_OBJC_IMPLICIT_RETAIN_SELF = YES;
				CLANG_WARN_OBJC_LITERAL_CONVERSION = YES;
				CLANG_WARN_OBJC_ROOT_CLASS = YES_ERROR;
				CLANG_WARN_RANGE_LOOP_ANALYSIS = YES;
				CLANG_WARN_STRICT_PROTOTYPES = YES;
				CLANG_WARN_SUSPICIOUS_MOVE = YES;
				CLANG_WARN_UNGUARDED_AVAILABILITY = YES_AGGRESSIVE;
				CLANG_WARN_UNREACHABLE_CODE = YES;
				CLANG_WARN__DUPLICATE_METHOD_MATCH = YES;
				COPY_PHASE_STRIP = NO;
				DEBUG_INFORMATION_FORMAT = dwarf;
				ENABLE_STRICT_OBJC_MSGSEND = YES;
				ENABLE_TESTABILITY = YES;
				GCC_C_LANGUAGE_STANDARD = gnu11;
				GCC_DYNAMIC_NO_PIC = NO;
				GCC_NO_COMMON_BLOCKS = YES;
				GCC_OPTIMIZATION_LEVEL = 0;
				GCC_PREPROCESSOR_DEFINITIONS = (
					"DEBUG=1",
					"$(inherited)",
				);
				GCC_WARN_64_TO_32_BIT_CONVERSION = YES;
				GCC_WARN_ABOUT_RETURN_TYPE = YES_ERROR;
				GCC_WARN_UNDECLARED_SELECTOR = YES;
				GCC_WARN_UNINITIALIZED_AUTOS = YES_AGGRESSIVE;
				GCC_WARN_UNUSED_FUNCTION = YES;
				GCC_WARN_UNUSED_VARIABLE = YES;
				IPHONEOS_DEPLOYMENT_TARGET = 12.0;
				MTL_ENABLE_DEBUG_INFO = INCLUDE_SOURCE;
				MTL_FAST_MATH = YES;
				ONLY_ACTIVE_ARCH = YES;
				SDKROOT = iphoneos;
			};
			name = Debug;
		};
		04069F53235561A30006C61C /* Release */ = {
			isa = XCBuildConfiguration;
			buildSettings = {
				ALWAYS_SEARCH_USER_PATHS = NO;
				CLANG_ANALYZER_NONNULL = YES;
				CLANG_ANALYZER_NUMBER_OBJECT_CONVERSION = YES_AGGRESSIVE;
				CLANG_CXX_LANGUAGE_STANDARD = "gnu++14";
				CLANG_CXX_LIBRARY = "libc++";
				CLANG_ENABLE_MODULES = YES;
				CLANG_ENABLE_OBJC_ARC = YES;
				CLANG_ENABLE_OBJC_WEAK = YES;
				CLANG_WARN_BLOCK_CAPTURE_AUTORELEASING = YES;
				CLANG_WARN_BOOL_CONVERSION = YES;
				CLANG_WARN_COMMA = YES;
				CLANG_WARN_CONSTANT_CONVERSION = YES;
				CLANG_WARN_DEPRECATED_OBJC_IMPLEMENTATIONS = YES;
				CLANG_WARN_DIRECT_OBJC_ISA_USAGE = YES_ERROR;
				CLANG_WARN_DOCUMENTATION_COMMENTS = YES;
				CLANG_WARN_EMPTY_BODY = YES;
				CLANG_WARN_ENUM_CONVERSION = YES;
				CLANG_WARN_INFINITE_RECURSION = YES;
				CLANG_WARN_INT_CONVERSION = YES;
				CLANG_WARN_NON_LITERAL_NULL_CONVERSION = YES;
				CLANG_WARN_OBJC_IMPLICIT_RETAIN_SELF = YES;
				CLANG_WARN_OBJC_LITERAL_CONVERSION = YES;
				CLANG_WARN_OBJC_ROOT_CLASS = YES_ERROR;
				CLANG_WARN_RANGE_LOOP_ANALYSIS = YES;
				CLANG_WARN_STRICT_PROTOTYPES = YES;
				CLANG_WARN_SUSPICIOUS_MOVE = YES;
				CLANG_WARN_UNGUARDED_AVAILABILITY = YES_AGGRESSIVE;
				CLANG_WARN_UNREACHABLE_CODE = YES;
				CLANG_WARN__DUPLICATE_METHOD_MATCH = YES;
				COPY_PHASE_STRIP = NO;
				DEBUG_INFORMATION_FORMAT = "dwarf-with-dsym";
				ENABLE_NS_ASSERTIONS = NO;
				ENABLE_STRICT_OBJC_MSGSEND = YES;
				GCC_C_LANGUAGE_STANDARD = gnu11;
				GCC_NO_COMMON_BLOCKS = YES;
				GCC_WARN_64_TO_32_BIT_CONVERSION = YES;
				GCC_WARN_ABOUT_RETURN_TYPE = YES_ERROR;
				GCC_WARN_UNDECLARED_SELECTOR = YES;
				GCC_WARN_UNINITIALIZED_AUTOS = YES_AGGRESSIVE;
				GCC_WARN_UNUSED_FUNCTION = YES;
				GCC_WARN_UNUSED_VARIABLE = YES;
				IPHONEOS_DEPLOYMENT_TARGET = 12.0;
				MTL_ENABLE_DEBUG_INFO = NO;
				MTL_FAST_MATH = YES;
				SDKROOT = iphoneos;
				VALIDATE_PRODUCT = YES;
			};
			name = Release;
		};
		04069F55235561A30006C61C /* Debug */ = {
			isa = XCBuildConfiguration;
			buildSettings = {
				ASSETCATALOG_COMPILER_APPICON_NAME = AppIcon;
				CODE_SIGN_ENTITLEMENTS = Application/Application.entitlements;
				CODE_SIGN_IDENTITY = "Apple Development";
				CODE_SIGN_STYLE = Automatic;
				DEVELOPMENT_TEAM = 59AKPRVN82;
				INFOPLIST_FILE = Application/Info.plist;
				LD_RUNPATH_SEARCH_PATHS = (
					"$(inherited)",
					"@executable_path/Frameworks",
				);
				PRODUCT_BUNDLE_IDENTIFIER = top.nsurl.app;
				PRODUCT_NAME = "$(TARGET_NAME)";
				PROVISIONING_PROFILE_SPECIFIER = "";
				TARGETED_DEVICE_FAMILY = "1,2";
			};
			name = Debug;
		};
		04069F56235561A30006C61C /* Release */ = {
			isa = XCBuildConfiguration;
			buildSettings = {
				ASSETCATALOG_COMPILER_APPICON_NAME = AppIcon;
				CODE_SIGN_ENTITLEMENTS = Application/Application.entitlements;
				CODE_SIGN_IDENTITY = "Apple Development";
				CODE_SIGN_STYLE = Automatic;
				DEVELOPMENT_TEAM = 59AKPRVN82;
				INFOPLIST_FILE = Application/Info.plist;
				LD_RUNPATH_SEARCH_PATHS = (
					"$(inherited)",
					"@executable_path/Frameworks",
				);
				PRODUCT_BUNDLE_IDENTIFIER = top.nsurl.app;
				PRODUCT_NAME = "$(TARGET_NAME)";
				PROVISIONING_PROFILE_SPECIFIER = "";
				TARGETED_DEVICE_FAMILY = "1,2";
			};
			name = Release;
		};
/* End XCBuildConfiguration section */

/* Begin XCConfigurationList section */
		04069F33235561A10006C61C /* Build configuration list for PBXProject "Application" */ = {
			isa = XCConfigurationList;
			buildConfigurations = (
				04069F52235561A30006C61C /* Debug */,
				04069F53235561A30006C61C /* Release */,
			);
			defaultConfigurationIsVisible = 0;
			defaultConfigurationName = Release;
		};
		04069F54235561A30006C61C /* Build configuration list for PBXNativeTarget "Application" */ = {
			isa = XCConfigurationList;
			buildConfigurations = (
				04069F55235561A30006C61C /* Debug */,
				04069F56235561A30006C61C /* Release */,
			);
			defaultConfigurationIsVisible = 0;
			defaultConfigurationName = Release;
		};
/* End XCConfigurationList section */
	};
	rootObject = 04069F30235561A10006C61C /* Project object */;
}
